// !$*UTF8*$!
{
	archiveVersion = 1;
	classes = {
	};
	objectVersion = 46;
	objects = {

/* Begin PBXBuildFile section */
		1AC39A2D199CAE4F00BFEE0F /* NTAllocator.cpp in Sources */ = {isa = PBXBuildFile; fileRef = 1AC399ED199CA67400BFEE0F /* NTAllocator.cpp */; };
		1AC39A2E199CAE6400BFEE0F /* NTArray.cpp in Sources */ = {isa = PBXBuildFile; fileRef = 1AC399EF199CA67400BFEE0F /* NTArray.cpp */; };
		1AC39A2F199CAE6400BFEE0F /* NTBackgroundTask.cpp in Sources */ = {isa = PBXBuildFile; fileRef = 1AC399F2199CA67400BFEE0F /* NTBackgroundTask.cpp */; };
		1AC39A30199CAE6400BFEE0F /* NTCommandQueue.cpp in Sources */ = {isa = PBXBuildFile; fileRef = 1AC399F4199CA67400BFEE0F /* NTCommandQueue.cpp */; };
		1AC39A31199CAE6400BFEE0F /* NTData.cpp in Sources */ = {isa = PBXBuildFile; fileRef = 1AC399F6199CA67400BFEE0F /* NTData.cpp */; };
		1AC39A32199CAE6400BFEE0F /* NTDictionary.cpp in Sources */ = {isa = PBXBuildFile; fileRef = 1AC399F8199CA67400BFEE0F /* NTDictionary.cpp */; };
		1AC39A33199CAE6400BFEE0F /* NTFile.cpp in Sources */ = {isa = PBXBuildFile; fileRef = 1AC399FB199CA67400BFEE0F /* NTFile.cpp */; };
		1AC39A34199CAE6400BFEE0F /* NTLinkedList.cpp in Sources */ = {isa = PBXBuildFile; fileRef = 1AC39A03199CA67400BFEE0F /* NTLinkedList.cpp */; };
		1AC39A35199CAE6400BFEE0F /* NTMutableArray.cpp in Sources */ = {isa = PBXBuildFile; fileRef = 1AC39A05199CA67400BFEE0F /* NTMutableArray.cpp */; };
		1AC39A36199CAE6400BFEE0F /* NTMutableDictionary.cpp in Sources */ = {isa = PBXBuildFile; fileRef = 1AC39A07199CA67400BFEE0F /* NTMutableDictionary.cpp */; };
		1AC39A37199CAE6400BFEE0F /* NTNumber.cpp in Sources */ = {isa = PBXBuildFile; fileRef = 1AC39A09199CA67400BFEE0F /* NTNumber.cpp */; };
		1AC39A38199CAE6400BFEE0F /* NTObject.cpp in Sources */ = {isa = PBXBuildFile; fileRef = 1AC39A0B199CA67400BFEE0F /* NTObject.cpp */; };
		1AC39A39199CAE6400BFEE0F /* NTQueue.cpp in Sources */ = {isa = PBXBuildFile; fileRef = 1AC39A0F199CA67400BFEE0F /* NTQueue.cpp */; };
		1AC39A3A199CAE6400BFEE0F /* NTString.cpp in Sources */ = {isa = PBXBuildFile; fileRef = 1AC39A12199CA67400BFEE0F /* NTString.cpp */; };
		1AC39A3B199CAE6400BFEE0F /* NTTimer.cpp in Sources */ = {isa = PBXBuildFile; fileRef = 1AC39A14199CA67400BFEE0F /* NTTimer.cpp */; };
/* End PBXBuildFile section */

/* Begin PBXFileReference section */
		1AC399ED199CA67400BFEE0F /* NTAllocator.cpp */ = {isa = PBXFileReference; lastKnownFileType = sourcecode.cpp.cpp; path = NTAllocator.cpp; sourceTree = "<group>"; };
		1AC399EE199CA67400BFEE0F /* NTAllocator.h */ = {isa = PBXFileReference; lastKnownFileType = sourcecode.c.h; path = NTAllocator.h; sourceTree = "<group>"; };
		1AC399EF199CA67400BFEE0F /* NTArray.cpp */ = {isa = PBXFileReference; lastKnownFileType = sourcecode.cpp.cpp; path = NTArray.cpp; sourceTree = "<group>"; };
		1AC399F0199CA67400BFEE0F /* NTArray.h */ = {isa = PBXFileReference; lastKnownFileType = sourcecode.c.h; path = NTArray.h; sourceTree = "<group>"; };
		1AC399F1199CA67400BFEE0F /* NTArrayInternal.h */ = {isa = PBXFileReference; lastKnownFileType = sourcecode.c.h; path = NTArrayInternal.h; sourceTree = "<group>"; };
		1AC399F2199CA67400BFEE0F /* NTBackgroundTask.cpp */ = {isa = PBXFileReference; lastKnownFileType = sourcecode.cpp.cpp; path = NTBackgroundTask.cpp; sourceTree = "<group>"; };
		1AC399F3199CA67400BFEE0F /* NTBackgroundTask.h */ = {isa = PBXFileReference; lastKnownFileType = sourcecode.c.h; path = NTBackgroundTask.h; sourceTree = "<group>"; };
		1AC399F4199CA67400BFEE0F /* NTCommandQueue.cpp */ = {isa = PBXFileReference; lastKnownFileType = sourcecode.cpp.cpp; path = NTCommandQueue.cpp; sourceTree = "<group>"; };
		1AC399F5199CA67400BFEE0F /* NTCommandQueue.h */ = {isa = PBXFileReference; lastKnownFileType = sourcecode.c.h; path = NTCommandQueue.h; sourceTree = "<group>"; };
		1AC399F6199CA67400BFEE0F /* NTData.cpp */ = {isa = PBXFileReference; lastKnownFileType = sourcecode.cpp.cpp; path = NTData.cpp; sourceTree = "<group>"; };
		1AC399F7199CA67400BFEE0F /* NTData.h */ = {isa = PBXFileReference; lastKnownFileType = sourcecode.c.h; path = NTData.h; sourceTree = "<group>"; };
		1AC399F8199CA67400BFEE0F /* NTDictionary.cpp */ = {isa = PBXFileReference; lastKnownFileType = sourcecode.cpp.cpp; path = NTDictionary.cpp; sourceTree = "<group>"; };
		1AC399F9199CA67400BFEE0F /* NTDictionary.h */ = {isa = PBXFileReference; lastKnownFileType = sourcecode.c.h; path = NTDictionary.h; sourceTree = "<group>"; };
		1AC399FA199CA67400BFEE0F /* NTDictionaryInternal.h */ = {isa = PBXFileReference; lastKnownFileType = sourcecode.c.h; path = NTDictionaryInternal.h; sourceTree = "<group>"; };
		1AC399FB199CA67400BFEE0F /* NTFile.cpp */ = {isa = PBXFileReference; lastKnownFileType = sourcecode.cpp.cpp; path = NTFile.cpp; sourceTree = "<group>"; };
		1AC399FC199CA67400BFEE0F /* NTFile.h */ = {isa = PBXFileReference; lastKnownFileType = sourcecode.c.h; path = NTFile.h; sourceTree = "<group>"; };
		1AC399FD199CA67400BFEE0F /* NTFoundationFramework.h */ = {isa = PBXFileReference; lastKnownFileType = sourcecode.c.h; path = NTFoundationFramework.h; sourceTree = "<group>"; };
		1AC39A01199CA67400BFEE0F /* NTInputStream.h */ = {isa = PBXFileReference; lastKnownFileType = sourcecode.c.h; path = NTInputStream.h; sourceTree = "<group>"; };
		1AC39A02199CA67400BFEE0F /* NTLibraryDefines.h */ = {isa = PBXFileReference; lastKnownFileType = sourcecode.c.h; path = NTLibraryDefines.h; sourceTree = "<group>"; };
		1AC39A03199CA67400BFEE0F /* NTLinkedList.cpp */ = {isa = PBXFileReference; lastKnownFileType = sourcecode.cpp.cpp; path = NTLinkedList.cpp; sourceTree = "<group>"; };
		1AC39A04199CA67400BFEE0F /* NTLinkedList.h */ = {isa = PBXFileReference; lastKnownFileType = sourcecode.c.h; path = NTLinkedList.h; sourceTree = "<group>"; };
		1AC39A05199CA67400BFEE0F /* NTMutableArray.cpp */ = {isa = PBXFileReference; lastKnownFileType = sourcecode.cpp.cpp; path = NTMutableArray.cpp; sourceTree = "<group>"; };
		1AC39A06199CA67400BFEE0F /* NTMutableArray.h */ = {isa = PBXFileReference; lastKnownFileType = sourcecode.c.h; path = NTMutableArray.h; sourceTree = "<group>"; };
		1AC39A07199CA67400BFEE0F /* NTMutableDictionary.cpp */ = {isa = PBXFileReference; lastKnownFileType = sourcecode.cpp.cpp; path = NTMutableDictionary.cpp; sourceTree = "<group>"; };
		1AC39A08199CA67400BFEE0F /* NTMutableDictionary.h */ = {isa = PBXFileReference; lastKnownFileType = sourcecode.c.h; path = NTMutableDictionary.h; sourceTree = "<group>"; };
		1AC39A09199CA67400BFEE0F /* NTNumber.cpp */ = {isa = PBXFileReference; lastKnownFileType = sourcecode.cpp.cpp; path = NTNumber.cpp; sourceTree = "<group>"; };
		1AC39A0A199CA67400BFEE0F /* NTNumber.h */ = {isa = PBXFileReference; lastKnownFileType = sourcecode.c.h; path = NTNumber.h; sourceTree = "<group>"; };
		1AC39A0B199CA67400BFEE0F /* NTObject.cpp */ = {isa = PBXFileReference; lastKnownFileType = sourcecode.cpp.cpp; path = NTObject.cpp; sourceTree = "<group>"; };
		1AC39A0C199CA67400BFEE0F /* NTObject.h */ = {isa = PBXFileReference; lastKnownFileType = sourcecode.c.h; path = NTObject.h; sourceTree = "<group>"; };
		1AC39A0E199CA67400BFEE0F /* NTOutputStream.h */ = {isa = PBXFileReference; lastKnownFileType = sourcecode.c.h; path = NTOutputStream.h; sourceTree = "<group>"; };
		1AC39A0F199CA67400BFEE0F /* NTQueue.cpp */ = {isa = PBXFileReference; lastKnownFileType = sourcecode.cpp.cpp; path = NTQueue.cpp; sourceTree = "<group>"; };
		1AC39A10199CA67400BFEE0F /* NTQueue.h */ = {isa = PBXFileReference; lastKnownFileType = sourcecode.c.h; path = NTQueue.h; sourceTree = "<group>"; };
		1AC39A11199CA67400BFEE0F /* NTStream.h */ = {isa = PBXFileReference; lastKnownFileType = sourcecode.c.h; path = NTStream.h; sourceTree = "<group>"; };
		1AC39A12199CA67400BFEE0F /* NTString.cpp */ = {isa = PBXFileReference; lastKnownFileType = sourcecode.cpp.cpp; path = NTString.cpp; sourceTree = "<group>"; };
		1AC39A13199CA67400BFEE0F /* NTString.h */ = {isa = PBXFileReference; lastKnownFileType = sourcecode.c.h; path = NTString.h; sourceTree = "<group>"; };
		1AC39A14199CA67400BFEE0F /* NTTimer.cpp */ = {isa = PBXFileReference; lastKnownFileType = sourcecode.cpp.cpp; path = NTTimer.cpp; sourceTree = "<group>"; };
		1AC39A15199CA67400BFEE0F /* NTTimer.h */ = {isa = PBXFileReference; lastKnownFileType = sourcecode.c.h; path = NTTimer.h; sourceTree = "<group>"; };
		1AC39A29199CAE4500BFEE0F /* libNTFoundationFramework.dylib */ = {isa = PBXFileReference; explicitFileType = "compiled.mach-o.dylib"; includeInIndex = 0; path = libNTFoundationFramework.dylib; sourceTree = BUILT_PRODUCTS_DIR; };
/* End PBXFileReference section */

/* Begin PBXFrameworksBuildPhase section */
		1AC39A26199CAE4500BFEE0F /* Frameworks */ = {
			isa = PBXFrameworksBuildPhase;
			buildActionMask = 2147483647;
			files = (
			);
			runOnlyForDeploymentPostprocessing = 0;
		};
/* End PBXFrameworksBuildPhase section */

/* Begin PBXGroup section */
		1AC399EC199CA67400BFEE0F /* NTFoundationFramework */ = {
			isa = PBXGroup;
			children = (
				1AC399ED199CA67400BFEE0F /* NTAllocator.cpp */,
				1AC399EE199CA67400BFEE0F /* NTAllocator.h */,
				1AC399EF199CA67400BFEE0F /* NTArray.cpp */,
				1AC399F0199CA67400BFEE0F /* NTArray.h */,
				1AC399F1199CA67400BFEE0F /* NTArrayInternal.h */,
				1AC399F2199CA67400BFEE0F /* NTBackgroundTask.cpp */,
				1AC399F3199CA67400BFEE0F /* NTBackgroundTask.h */,
				1AC399F4199CA67400BFEE0F /* NTCommandQueue.cpp */,
				1AC399F5199CA67400BFEE0F /* NTCommandQueue.h */,
				1AC399F6199CA67400BFEE0F /* NTData.cpp */,
				1AC399F7199CA67400BFEE0F /* NTData.h */,
				1AC399F8199CA67400BFEE0F /* NTDictionary.cpp */,
				1AC399F9199CA67400BFEE0F /* NTDictionary.h */,
				1AC399FA199CA67400BFEE0F /* NTDictionaryInternal.h */,
				1AC399FB199CA67400BFEE0F /* NTFile.cpp */,
				1AC399FC199CA67400BFEE0F /* NTFile.h */,
				1AC399FD199CA67400BFEE0F /* NTFoundationFramework.h */,
				1AC39A01199CA67400BFEE0F /* NTInputStream.h */,
				1AC39A02199CA67400BFEE0F /* NTLibraryDefines.h */,
				1AC39A03199CA67400BFEE0F /* NTLinkedList.cpp */,
				1AC39A04199CA67400BFEE0F /* NTLinkedList.h */,
				1AC39A05199CA67400BFEE0F /* NTMutableArray.cpp */,
				1AC39A06199CA67400BFEE0F /* NTMutableArray.h */,
				1AC39A07199CA67400BFEE0F /* NTMutableDictionary.cpp */,
				1AC39A08199CA67400BFEE0F /* NTMutableDictionary.h */,
				1AC39A09199CA67400BFEE0F /* NTNumber.cpp */,
				1AC39A0A199CA67400BFEE0F /* NTNumber.h */,
				1AC39A0B199CA67400BFEE0F /* NTObject.cpp */,
				1AC39A0C199CA67400BFEE0F /* NTObject.h */,
				1AC39A0E199CA67400BFEE0F /* NTOutputStream.h */,
				1AC39A0F199CA67400BFEE0F /* NTQueue.cpp */,
				1AC39A10199CA67400BFEE0F /* NTQueue.h */,
				1AC39A11199CA67400BFEE0F /* NTStream.h */,
				1AC39A12199CA67400BFEE0F /* NTString.cpp */,
				1AC39A13199CA67400BFEE0F /* NTString.h */,
				1AC39A14199CA67400BFEE0F /* NTTimer.cpp */,
				1AC39A15199CA67400BFEE0F /* NTTimer.h */,
			);
			name = NTFoundationFramework;
			path = ../NTFoundationFramework;
			sourceTree = "<group>";
		};
		1AF3FF3C1887FE5100343D40 = {
			isa = PBXGroup;
			children = (
				1AC399EC199CA67400BFEE0F /* NTFoundationFramework */,
				1AF3FF461887FE5100343D40 /* Products */,
			);
			sourceTree = "<group>";
		};
		1AF3FF461887FE5100343D40 /* Products */ = {
			isa = PBXGroup;
			children = (
				1AC39A29199CAE4500BFEE0F /* libNTFoundationFramework.dylib */,
			);
			name = Products;
			sourceTree = "<group>";
		};
/* End PBXGroup section */

/* Begin PBXHeadersBuildPhase section */
		1AC39A27199CAE4500BFEE0F /* Headers */ = {
			isa = PBXHeadersBuildPhase;
			buildActionMask = 2147483647;
			files = (
			);
			runOnlyForDeploymentPostprocessing = 0;
		};
/* End PBXHeadersBuildPhase section */

/* Begin PBXNativeTarget section */
		1AC39A28199CAE4500BFEE0F /* NTFoundationFramework */ = {
			isa = PBXNativeTarget;
			buildConfigurationList = 1AC39A2A199CAE4500BFEE0F /* Build configuration list for PBXNativeTarget "NTFoundationFramework" */;
			buildPhases = (
				1AC39A25199CAE4500BFEE0F /* Sources */,
				1AC39A26199CAE4500BFEE0F /* Frameworks */,
				1AC39A27199CAE4500BFEE0F /* Headers */,
				1AC39A3C199CAE8400BFEE0F /* ShellScript */,
			);
			buildRules = (
			);
			dependencies = (
			);
			name = NTFoundationFramework;
			productName = NTFoundationFramework;
			productReference = 1AC39A29199CAE4500BFEE0F /* libNTFoundationFramework.dylib */;
			productType = "com.apple.product-type.library.dynamic";
		};
/* End PBXNativeTarget section */

/* Begin PBXProject section */
		1AF3FF3D1887FE5100343D40 /* Project object */ = {
			isa = PBXProject;
			attributes = {
				LastUpgradeCheck = 0510;
				ORGANIZATIONNAME = Robosoft;
			};
			buildConfigurationList = 1AF3FF401887FE5100343D40 /* Build configuration list for PBXProject "NTFoundationFramework" */;
			compatibilityVersion = "Xcode 3.2";
			developmentRegion = English;
			hasScannedForEncodings = 0;
			knownRegions = (
				en,
			);
			mainGroup = 1AF3FF3C1887FE5100343D40;
			productRefGroup = 1AF3FF461887FE5100343D40 /* Products */;
			projectDirPath = "";
			projectRoot = "";
			targets = (
				1AC39A28199CAE4500BFEE0F /* NTFoundationFramework */,
			);
		};
/* End PBXProject section */

/* Begin PBXShellScriptBuildPhase section */
		1AC39A3C199CAE8400BFEE0F /* ShellScript */ = {
			isa = PBXShellScriptBuildPhase;
			buildActionMask = 2147483647;
			files = (
			);
			inputPaths = (
			);
			outputPaths = (
			);
			runOnlyForDeploymentPostprocessing = 0;
			shellPath = /bin/sh;
			shellScript = "rm -Rf ../../NTFrameworks/NTFoundationFramework/*.h\ncd ../NTFoundationFramework\ncp -f NTLibraryDefines.h ../../NTFrameworks/NTFoundationFramework\ncp -f NTAllocator.h ../../NTFrameworks/NTFoundationFramework\ncp -f NTObject.h ../../NTFrameworks/NTFoundationFramework\ncp -f NTDictionary.h ../../NTFrameworks/NTFoundationFramework\ncp -f NTMutableDictionary.h ../../NTFrameworks/NTFoundationFramework\ncp -f NTArray.h ../../NTFrameworks/NTFoundationFramework\ncp -f NTMutableArray.h ../../NTFrameworks/NTFoundationFramework\ncp -f NTQueue.h ../../NTFrameworks/NTFoundationFramework\ncp -f NTString.h ../../NTFrameworks/NTFoundationFramework\ncp -f NTData.h ../../NTFrameworks/NTFoundationFramework\ncp -f NTBackgroundTask.h ../../NTFrameworks/NTFoundationFramework\ncp -f NTTimer.h ../../NTFrameworks/NTFoundationFramework\ncp -f NTCommandQueue.h ../../NTFrameworks/NTFoundationFramework\ncp -f NTNumber.h ../../NTFrameworks/NTFoundationFramework\ncp -f NTFoundationFramework.h ../../NTFrameworks/NTFoundationFramework\ncp -f NTStream.h ../../NTFrameworks/NTFoundationFramework\ncp -f NTInputStream.h ../../NTFrameworks/NTFoundationFramework\ncp -f NTOutputStream.h ../../NTFrameworks/NTFoundationFramework\ncp -f NTFile.h ../../NTFrameworks/NTFoundationFramework";
		};
/* End PBXShellScriptBuildPhase section */

/* Begin PBXSourcesBuildPhase section */
		1AC39A25199CAE4500BFEE0F /* Sources */ = {
			isa = PBXSourcesBuildPhase;
			buildActionMask = 2147483647;
			files = (
				1AC39A36199CAE6400BFEE0F /* NTMutableDictionary.cpp in Sources */,
				1AC39A39199CAE6400BFEE0F /* NTQueue.cpp in Sources */,
				1AC39A2D199CAE4F00BFEE0F /* NTAllocator.cpp in Sources */,
				1AC39A32199CAE6400BFEE0F /* NTDictionary.cpp in Sources */,
				1AC39A30199CAE6400BFEE0F /* NTCommandQueue.cpp in Sources */,
				1AC39A2E199CAE6400BFEE0F /* NTArray.cpp in Sources */,
				1AC39A37199CAE6400BFEE0F /* NTNumber.cpp in Sources */,
				1AC39A2F199CAE6400BFEE0F /* NTBackgroundTask.cpp in Sources */,
				1AC39A35199CAE6400BFEE0F /* NTMutableArray.cpp in Sources */,
				1AC39A33199CAE6400BFEE0F /* NTFile.cpp in Sources */,
				1AC39A3A199CAE6400BFEE0F /* NTString.cpp in Sources */,
				1AC39A34199CAE6400BFEE0F /* NTLinkedList.cpp in Sources */,
				1AC39A38199CAE6400BFEE0F /* NTObject.cpp in Sources */,
				1AC39A3B199CAE6400BFEE0F /* NTTimer.cpp in Sources */,
				1AC39A31199CAE6400BFEE0F /* NTData.cpp in Sources */,
			);
			runOnlyForDeploymentPostprocessing = 0;
		};
/* End PBXSourcesBuildPhase section */

/* Begin XCBuildConfiguration section */
		1AC39A2B199CAE4500BFEE0F /* Debug */ = {
			isa = XCBuildConfiguration;
			buildSettings = {
				CLANG_ENABLE_MODULES = YES;
				CONFIGURATION_BUILD_DIR = ../../NTFrameworks/lib/mac;
				EXECUTABLE_PREFIX = lib;
				GCC_PREPROCESSOR_DEFINITIONS = (
					"DEBUG=1",
					"$(inherited)",
				);
				PRODUCT_NAME = "$(TARGET_NAME)";
			};
			name = Debug;
		};
		1AC39A2C199CAE4500BFEE0F /* Release */ = {
			isa = XCBuildConfiguration;
			buildSettings = {
				CLANG_ENABLE_MODULES = YES;
				CONFIGURATION_BUILD_DIR = ../../NTFrameworks/lib/mac;
				EXECUTABLE_PREFIX = lib;
				PRODUCT_NAME = "$(TARGET_NAME)";
			};
			name = Release;
		};
		1AF3FF471887FE5100343D40 /* Debug */ = {
			isa = XCBuildConfiguration;
			buildSettings = {
				ALWAYS_SEARCH_USER_PATHS = NO;
				CLANG_CXX_LANGUAGE_STANDARD = "gnu++0x";
				CLANG_CXX_LIBRARY = "libc++";
				CLANG_ENABLE_OBJC_ARC = YES;
				CLANG_WARN_BOOL_CONVERSION = YES;
				CLANG_WARN_CONSTANT_CONVERSION = YES;
				CLANG_WARN_DIRECT_OBJC_ISA_USAGE = YES_ERROR;
				CLANG_WARN_EMPTY_BODY = YES;
				CLANG_WARN_ENUM_CONVERSION = YES;
				CLANG_WARN_INT_CONVERSION = YES;
				CLANG_WARN_OBJC_ROOT_CLASS = YES_ERROR;
				CLANG_WARN__DUPLICATE_METHOD_MATCH = YES;
				COPY_PHASE_STRIP = NO;
				GCC_C_LANGUAGE_STANDARD = gnu99;
				GCC_DYNAMIC_NO_PIC = NO;
				GCC_ENABLE_OBJC_EXCEPTIONS = YES;
				GCC_OPTIMIZATION_LEVEL = 0;
				GCC_PREPROCESSOR_DEFINITIONS = (
					"DEBUG=1",
					"$(inherited)",
				);
				GCC_SYMBOLS_PRIVATE_EXTERN = NO;
				GCC_WARN_64_TO_32_BIT_CONVERSION = YES;
				GCC_WARN_ABOUT_RETURN_TYPE = YES_ERROR;
				GCC_WARN_UNDECLARED_SELECTOR = YES;
				GCC_WARN_UNINITIALIZED_AUTOS = YES_AGGRESSIVE;
				GCC_WARN_UNUSED_FUNCTION = YES;
				GCC_WARN_UNUSED_VARIABLE = YES;
				MACOSX_DEPLOYMENT_TARGET = 10.9;
				ONLY_ACTIVE_ARCH = YES;
				SDKROOT = macosx;
			};
			name = Debug;
		};
		1AF3FF481887FE5100343D40 /* Release */ = {
			isa = XCBuildConfiguration;
			buildSettings = {
				ALWAYS_SEARCH_USER_PATHS = NO;
				CLANG_CXX_LANGUAGE_STANDARD = "gnu++0x";
				CLANG_CXX_LIBRARY = "libc++";
				CLANG_ENABLE_OBJC_ARC = YES;
				CLANG_WARN_BOOL_CONVERSION = YES;
				CLANG_WARN_CONSTANT_CONVERSION = YES;
				CLANG_WARN_DIRECT_OBJC_ISA_USAGE = YES_ERROR;
				CLANG_WARN_EMPTY_BODY = YES;
				CLANG_WARN_ENUM_CONVERSION = YES;
				CLANG_WARN_INT_CONVERSION = YES;
				CLANG_WARN_OBJC_ROOT_CLASS = YES_ERROR;
				CLANG_WARN__DUPLICATE_METHOD_MATCH = YES;
				COPY_PHASE_STRIP = YES;
				DEBUG_INFORMATION_FORMAT = "dwarf-with-dsym";
				ENABLE_NS_ASSERTIONS = NO;
				GCC_C_LANGUAGE_STANDARD = gnu99;
				GCC_ENABLE_OBJC_EXCEPTIONS = YES;
				GCC_WARN_64_TO_32_BIT_CONVERSION = YES;
				GCC_WARN_ABOUT_RETURN_TYPE = YES_ERROR;
				GCC_WARN_UNDECLARED_SELECTOR = YES;
				GCC_WARN_UNINITIALIZED_AUTOS = YES_AGGRESSIVE;
				GCC_WARN_UNUSED_FUNCTION = YES;
				GCC_WARN_UNUSED_VARIABLE = YES;
				MACOSX_DEPLOYMENT_TARGET = 10.9;
				SDKROOT = macosx;
			};
			name = Release;
		};
/* End XCBuildConfiguration section */

/* Begin XCConfigurationList section */
		1AC39A2A199CAE4500BFEE0F /* Build configuration list for PBXNativeTarget "NTFoundationFramework" */ = {
			isa = XCConfigurationList;
			buildConfigurations = (
				1AC39A2B199CAE4500BFEE0F /* Debug */,
				1AC39A2C199CAE4500BFEE0F /* Release */,
			);
			defaultConfigurationIsVisible = 0;
		};
		1AF3FF401887FE5100343D40 /* Build configuration list for PBXProject "NTFoundationFramework" */ = {
			isa = XCConfigurationList;
			buildConfigurations = (
				1AF3FF471887FE5100343D40 /* Debug */,
				1AF3FF481887FE5100343D40 /* Release */,
			);
			defaultConfigurationIsVisible = 0;
			defaultConfigurationName = Release;
		};
/* End XCConfigurationList section */
	};
	rootObject = 1AF3FF3D1887FE5100343D40 /* Project object */;
}
